
Microsoft Visual Studio Solution File, Format Version 12.00
# Visual Studio Version 16
VisualStudioVersion = 16.0.30621.155
MinimumVisualStudioVersion = 10.0.40219.1
Project("{FAE04EC0-301F-11D3-BF4B-00C04F79EFBC}") = "Mastermind App", "Mastermind App\Mastermind App.csproj", "{744E9F86-348F-4FAA-8723-89AAEE4E7F4A}"
EndProject
Global
	GlobalSection(SolutionConfigurationPlatforms) = preSolution
		Debug|Any CPU = Debug|Any CPU
		Release|Any CPU = Release|Any CPU
	EndGlobalSection
	GlobalSection(ProjectConfigurationPlatforms) = postSolution
		{744E9F86-348F-4FAA-8723-89AAEE4E7F4A}.Debug|Any CPU.ActiveCfg = Debug|Any CPU
		{744E9F86-348F-4FAA-8723-89AAEE4E7F4A}.Debug|Any CPU.Build.0 = Debug|Any CPU
		{744E9F86-348F-4FAA-8723-89AAEE4E7F4A}.Release|Any CPU.ActiveCfg = Release|Any CPU
		{744E9F86-348F-4FAA-8723-89AAEE4E7F4A}.Release|Any CPU.Build.0 = Release|Any CPU
	EndGlobalSection
	GlobalSection(SolutionProperties) = preSolution
		HideSolutionNode = FALSE
	EndGlobalSection
	GlobalSection(ExtensibilityGlobals) = postSolution
		SolutionGuid = {6872D253-185C-4359-85BA-71986DFF6432}
	EndGlobalSection
EndGlobal
